
Microsoft Visual Studio Solution File, Format Version 12.00
# Visual Studio Version 17
VisualStudioVersion = 17.8.34330.188
MinimumVisualStudioVersion = 10.0.40219.1
Project("{FAE04EC0-301F-11D3-BF4B-00C04F79EFBC}") = "Auftragserfassung", "Auftragserfassung.csproj", "{8F09D879-9A42-4FBF-B519-7E81486A9473}"
EndProject
Global
	GlobalSection(SolutionConfigurationPlatforms) = preSolution
		Debug|Any CPU = Debug|Any CPU
		Release|Any CPU = Release|Any CPU
	EndGlobalSection
	GlobalSection(ProjectConfigurationPlatforms) = postSolution
		{8F09D879-9A42-4FBF-B519-7E81486A9473}.Debug|Any CPU.ActiveCfg = Debug|Any CPU
		{8F09D879-9A42-4FBF-B519-7E81486A9473}.Debug|Any CPU.Build.0 = Debug|Any CPU
		{8F09D879-9A42-4FBF-B519-7E81486A9473}.Release|Any CPU.ActiveCfg = Release|Any CPU
		{8F09D879-9A42-4FBF-B519-7E81486A9473}.Release|Any CPU.Build.0 = Release|Any CPU
	EndGlobalSection
	GlobalSection(SolutionProperties) = preSolution
		HideSolutionNode = FALSE
	EndGlobalSection
	GlobalSection(ExtensibilityGlobals) = postSolution
		SolutionGuid = {289084A7-F3CE-4117-A93F-2AD085F7B91F}
	EndGlobalSection
EndGlobal
