
Microsoft Visual Studio Solution File, Format Version 12.00
# Visual Studio Version 17
VisualStudioVersion = 17.7.34202.233
MinimumVisualStudioVersion = 10.0.40219.1
Project("{FAE04EC0-301F-11D3-BF4B-00C04F79EFBC}") = "Auftragsverwaltung", "Auftragsverwaltung.csproj", "{8F36D110-8C63-472A-92C2-CCE0AE3E1971}"
EndProject
Global
	GlobalSection(SolutionConfigurationPlatforms) = preSolution
		Debug|Any CPU = Debug|Any CPU
		Release|Any CPU = Release|Any CPU
	EndGlobalSection
	GlobalSection(ProjectConfigurationPlatforms) = postSolution
		{8F36D110-8C63-472A-92C2-CCE0AE3E1971}.Debug|Any CPU.ActiveCfg = Debug|Any CPU
		{8F36D110-8C63-472A-92C2-CCE0AE3E1971}.Debug|Any CPU.Build.0 = Debug|Any CPU
		{8F36D110-8C63-472A-92C2-CCE0AE3E1971}.Release|Any CPU.ActiveCfg = Release|Any CPU
		{8F36D110-8C63-472A-92C2-CCE0AE3E1971}.Release|Any CPU.Build.0 = Release|Any CPU
	EndGlobalSection
	GlobalSection(SolutionProperties) = preSolution
		HideSolutionNode = FALSE
	EndGlobalSection
	GlobalSection(ExtensibilityGlobals) = postSolution
		SolutionGuid = {895D0407-2EA7-4C6B-B6FE-3CA67060A77D}
	EndGlobalSection
EndGlobal
